{
  "version": 4,
  "terraform_version": "1.9.8",
  "serial": 12,
  "lineage": "6f55ee8c-1e49-701a-048b-d343630164f4",
  "outputs": {
    "public_ip_address": {
      "value": "4.237.203.50",
      "type": "string"
    }
  },
  "resources": [
    {
      "mode": "data",
      "type": "azurerm_public_ip",
      "name": "existing_public_ip",
      "provider": "provider[\"registry.terraform.io/hashicorp/azurerm\"]",
      "instances": [
        {
          "schema_version": 0,
          "attributes": {
            "allocation_method": "Static",
            "ddos_protection_mode": "VirtualNetworkInherited",
            "ddos_protection_plan_id": null,
            "domain_name_label": "",
            "fqdn": "",
            "id": "/subscriptions/f78b1160-ac53-46e6-b77c-be73847ecb68/resourceGroups/ARMtemplate/providers/Microsoft.Network/publicIPAddresses/example-ip",
            "idle_timeout_in_minutes": 4,
            "ip_address": "4.237.203.50",
            "ip_tags": {},
            "ip_version": "IPv4",
            "location": "australiaeast",
            "name": "example-ip",
            "resource_group_name": "ARMtemplate",
            "reverse_fqdn": "",
            "sku": "Standard",
            "tags": {},
            "timeouts": null,
            "zones": [
              "3",
              "1",
              "2"
            ]
          },
          "sensitive_attributes": []
        }
      ]
    },
    {
      "mode": "data",
      "type": "azurerm_subnet",
      "name": "existing_subnet",
      "provider": "provider[\"registry.terraform.io/hashicorp/azurerm\"]",
      "instances": [
        {
          "schema_version": 0,
          "attributes": {
            "address_prefix": "10.0.5.0/24",
            "address_prefixes": [
              "10.0.5.0/24"
            ],
            "default_outbound_access_enabled": true,
            "enforce_private_link_endpoint_network_policies": true,
            "enforce_private_link_service_network_policies": false,
            "id": "/subscriptions/f78b1160-ac53-46e6-b77c-be73847ecb68/resourceGroups/ARMtemplate/providers/Microsoft.Network/virtualNetworks/chatappVnet/subnets/subnet1",
            "name": "subnet1",
            "network_security_group_id": "",
            "private_endpoint_network_policies": "Disabled",
            "private_endpoint_network_policies_enabled": false,
            "private_link_service_network_policies_enabled": true,
            "resource_group_name": "ARMtemplate",
            "route_table_id": "",
            "service_endpoints": [],
            "timeouts": null,
            "virtual_network_name": "chatappVnet"
          },
          "sensitive_attributes": []
        }
      ]
    },
    {
      "mode": "data",
      "type": "azurerm_virtual_network",
      "name": "existing_vnet",
      "provider": "provider[\"registry.terraform.io/hashicorp/azurerm\"]",
      "instances": [
        {
          "schema_version": 0,
          "attributes": {
            "address_space": [
              "10.0.0.0/20"
            ],
            "dns_servers": null,
            "guid": "2636d669-3d49-4af0-8115-0b7f56bd38ec",
            "id": "/subscriptions/f78b1160-ac53-46e6-b77c-be73847ecb68/resourceGroups/ARMtemplate/providers/Microsoft.Network/virtualNetworks/chatappVnet",
            "location": "australiaeast",
            "name": "chatappVnet",
            "resource_group_name": "ARMtemplate",
            "subnets": [
              "AzureBastionSubnet",
              "FrontendSubnet",
              "BackendSubnet",
              "DatabaseSubnet",
              "applicationgateway",
              "subnet1"
            ],
            "tags": {},
            "timeouts": null,
            "vnet_peerings": {},
            "vnet_peerings_addresses": []
          },
          "sensitive_attributes": []
        }
      ]
    },
    {
      "mode": "managed",
      "type": "azurerm_linux_virtual_machine",
      "name": "example",
      "provider": "provider[\"registry.terraform.io/hashicorp/azurerm\"]",
      "instances": [
        {
          "schema_version": 0,
          "attributes": {
            "additional_capabilities": [],
            "admin_password": "Himanshu@2001",
            "admin_ssh_key": [],
            "admin_username": "sysadmin",
            "allow_extension_operations": true,
            "availability_set_id": "",
            "boot_diagnostics": [],
            "bypass_platform_safety_checks_on_user_schedule_enabled": false,
            "capacity_reservation_group_id": "",
            "computer_name": "example-machine",
            "custom_data": null,
            "dedicated_host_group_id": "",
            "dedicated_host_id": "",
            "disable_password_authentication": false,
            "disk_controller_type": "",
            "edge_zone": "",
            "encryption_at_host_enabled": false,
            "eviction_policy": "",
            "extensions_time_budget": "PT1H30M",
            "gallery_application": [],
            "id": "/subscriptions/f78b1160-ac53-46e6-b77c-be73847ecb68/resourceGroups/Terraform-RG_st/providers/Microsoft.Compute/virtualMachines/example-machine",
            "identity": [],
            "license_type": "",
            "location": "australiaeast",
            "max_bid_price": -1,
            "name": "example-machine",
            "network_interface_ids": [
              "/subscriptions/f78b1160-ac53-46e6-b77c-be73847ecb68/resourceGroups/Terraform-RG_st/providers/Microsoft.Network/networkInterfaces/example-niccc"
            ],
            "os_disk": [
              {
                "caching": "ReadWrite",
                "diff_disk_settings": [],
                "disk_encryption_set_id": "",
                "disk_size_gb": 30,
                "name": "example-machine_OsDisk_1_8760d944fa42441280ef3939d7f82ed6",
                "secure_vm_disk_encryption_set_id": "",
                "security_encryption_type": "",
                "storage_account_type": "Standard_LRS",
                "write_accelerator_enabled": false
              }
            ],
            "os_image_notification": [],
            "patch_assessment_mode": "ImageDefault",
            "patch_mode": "ImageDefault",
            "plan": [],
            "platform_fault_domain": -1,
            "priority": "Regular",
            "private_ip_address": "10.0.5.4",
            "private_ip_addresses": [
              "10.0.5.4"
            ],
            "provision_vm_agent": true,
            "proximity_placement_group_id": "",
            "public_ip_address": "4.237.203.50",
            "public_ip_addresses": [
              "4.237.203.50"
            ],
            "reboot_setting": "",
            "resource_group_name": "Terraform-RG_st",
            "secret": [],
            "secure_boot_enabled": false,
            "size": "Standard_F2",
            "source_image_id": "",
            "source_image_reference": [
              {
                "offer": "0001-com-ubuntu-server-jammy",
                "publisher": "Canonical",
                "sku": "22_04-lts",
                "version": "latest"
              }
            ],
            "tags": null,
            "termination_notification": null,
            "timeouts": null,
            "user_data": "",
            "virtual_machine_id": "53cdf8e0-6c77-42c8-af27-1532d668da8c",
            "virtual_machine_scale_set_id": "",
            "vm_agent_platform_updates_enabled": false,
            "vtpm_enabled": false,
            "zone": ""
          },
          "sensitive_attributes": [
            [
              {
                "type": "get_attr",
                "value": "admin_password"
              }
            ],
            [
              {
                "type": "get_attr",
                "value": "custom_data"
              }
            ]
          ],
          "private": "eyJlMmJmYjczMC1lY2FhLTExZTYtOGY4OC0zNDM2M2JjN2M0YzAiOnsiY3JlYXRlIjoyNzAwMDAwMDAwMDAwLCJkZWxldGUiOjI3MDAwMDAwMDAwMDAsInJlYWQiOjMwMDAwMDAwMDAwMCwidXBkYXRlIjoyNzAwMDAwMDAwMDAwfX0=",
          "dependencies": [
            "azurerm_network_interface.example",
            "azurerm_resource_group.main_rg",
            "data.azurerm_public_ip.existing_public_ip",
            "data.azurerm_subnet.existing_subnet",
            "data.azurerm_virtual_network.existing_vnet"
          ]
        }
      ]
    },
    {
      "mode": "managed",
      "type": "azurerm_network_interface",
      "name": "example",
      "provider": "provider[\"registry.terraform.io/hashicorp/azurerm\"]",
      "instances": [
        {
          "schema_version": 0,
          "attributes": {
            "accelerated_networking_enabled": false,
            "applied_dns_servers": [],
            "auxiliary_mode": "",
            "auxiliary_sku": "",
            "dns_servers": [],
            "edge_zone": "",
            "enable_accelerated_networking": false,
            "enable_ip_forwarding": false,
            "id": "/subscriptions/f78b1160-ac53-46e6-b77c-be73847ecb68/resourceGroups/Terraform-RG_st/providers/Microsoft.Network/networkInterfaces/example-niccc",
            "internal_dns_name_label": "",
            "internal_domain_name_suffix": "nhldmjsjhxyevaivbn5vnpjy3e.px.internal.cloudapp.net",
            "ip_configuration": [
              {
                "gateway_load_balancer_frontend_ip_configuration_id": "",
                "name": "internal",
                "primary": true,
                "private_ip_address": "10.0.5.4",
                "private_ip_address_allocation": "Dynamic",
                "private_ip_address_version": "IPv4",
                "public_ip_address_id": "/subscriptions/f78b1160-ac53-46e6-b77c-be73847ecb68/resourceGroups/ARMtemplate/providers/Microsoft.Network/publicIPAddresses/example-ip",
                "subnet_id": "/subscriptions/f78b1160-ac53-46e6-b77c-be73847ecb68/resourceGroups/ARMtemplate/providers/Microsoft.Network/virtualNetworks/chatappVnet/subnets/subnet1"
              }
            ],
            "ip_forwarding_enabled": false,
            "location": "australiaeast",
            "mac_address": "",
            "name": "example-niccc",
            "private_ip_address": "10.0.5.4",
            "private_ip_addresses": [
              "10.0.5.4"
            ],
            "resource_group_name": "Terraform-RG_st",
            "tags": null,
            "timeouts": null,
            "virtual_machine_id": ""
          },
          "sensitive_attributes": [],
          "private": "eyJlMmJmYjczMC1lY2FhLTExZTYtOGY4OC0zNDM2M2JjN2M0YzAiOnsiY3JlYXRlIjoxODAwMDAwMDAwMDAwLCJkZWxldGUiOjE4MDAwMDAwMDAwMDAsInJlYWQiOjMwMDAwMDAwMDAwMCwidXBkYXRlIjoxODAwMDAwMDAwMDAwfX0=",
          "dependencies": [
            "azurerm_resource_group.main_rg",
            "data.azurerm_public_ip.existing_public_ip",
            "data.azurerm_subnet.existing_subnet",
            "data.azurerm_virtual_network.existing_vnet"
          ]
        }
      ]
    },
    {
      "mode": "managed",
      "type": "azurerm_resource_group",
      "name": "main_rg",
      "provider": "provider[\"registry.terraform.io/hashicorp/azurerm\"]",
      "instances": [
        {
          "schema_version": 0,
          "attributes": {
            "id": "/subscriptions/f78b1160-ac53-46e6-b77c-be73847ecb68/resourceGroups/Terraform-RG_st",
            "location": "australiaeast",
            "managed_by": "",
            "name": "Terraform-RG_st",
            "tags": null,
            "timeouts": null
          },
          "sensitive_attributes": [],
          "private": "eyJlMmJmYjczMC1lY2FhLTExZTYtOGY4OC0zNDM2M2JjN2M0YzAiOnsiY3JlYXRlIjo1NDAwMDAwMDAwMDAwLCJkZWxldGUiOjU0MDAwMDAwMDAwMDAsInJlYWQiOjMwMDAwMDAwMDAwMCwidXBkYXRlIjo1NDAwMDAwMDAwMDAwfX0="
        }
      ]
    }
  ],
  "check_results": null
}
