{
  "version": 4,
  "terraform_version": "1.10.0",
  "serial": 3,
  "lineage": "d00ebe6b-0315-8c5f-71f5-886b7e074dc0",
  "outputs": {},
  "resources": [
    {
      "mode": "managed",
      "type": "azurerm_virtual_machine",
      "name": "example",
      "provider": "provider[\"registry.terraform.io/hashicorp/azurerm\"]",
      "instances": [
        {
          "schema_version": 0,
          "attributes": {
            "additional_capabilities": [
              {
                "ultra_ssd_enabled": null
              }
            ],
            "availability_set_id": null,
            "boot_diagnostics": [
              {
                "enabled": true,
                "storage_uri": ""
              }
            ],
            "delete_data_disks_on_termination": false,
            "delete_os_disk_on_termination": false,
            "id": "/subscriptions/f78b1160-ac53-46e6-b77c-be73847ecb68/resourceGroups/ARMtemplate/providers/Microsoft.Compute/virtualMachines/test",
            "identity": [],
            "license_type": null,
            "location": "australiaeast",
            "name": "test",
            "network_interface_ids": [
              "/subscriptions/f78b1160-ac53-46e6-b77c-be73847ecb68/resourceGroups/ARMtemplate/providers/Microsoft.Network/networkInterfaces/test989"
            ],
            "os_profile": [
              {
                "admin_password": "",
                "admin_username": "sysadmin",
                "computer_name": "test",
                "custom_data": ""
              }
            ],
            "os_profile_linux_config": [
              {
                "disable_password_authentication": false,
                "ssh_keys": []
              }
            ],
            "os_profile_secrets": [],
            "os_profile_windows_config": [],
            "plan": [
              {
                "name": "ubuntu1804",
                "product": "vm-ban-lin-ubuntu-1804",
                "publisher": "bansirllc1619470302579"
              }
            ],
            "primary_network_interface_id": null,
            "proximity_placement_group_id": null,
            "resource_group_name": "ARMtemplate",
            "storage_data_disk": [],
            "storage_image_reference": [
              {
                "id": "",
                "offer": "vm-ban-lin-ubuntu-1804",
                "publisher": "bansirllc1619470302579",
                "sku": "ubuntu1804",
                "version": "latest"
              }
            ],
            "storage_os_disk": [
              {
                "caching": "ReadWrite",
                "create_option": "FromImage",
                "disk_size_gb": 30,
                "image_uri": "",
                "managed_disk_id": "/subscriptions/f78b1160-ac53-46e6-b77c-be73847ecb68/resourceGroups/ARMtemplate/providers/Microsoft.Compute/disks/test_OsDisk_1_6bd26f709b6248048774aacce7170bee",
                "managed_disk_type": "Premium_LRS",
                "name": "test_OsDisk_1_6bd26f709b6248048774aacce7170bee",
                "os_type": "Linux",
                "vhd_uri": "",
                "write_accelerator_enabled": false
              }
            ],
            "tags": {},
            "timeouts": null,
            "vm_size": "Standard_B1s",
            "zones": []
          },
          "sensitive_attributes": [
            [
              {
                "type": "get_attr",
                "value": "os_profile"
              }
            ]
          ],
          "private": "eyJlMmJmYjczMC1lY2FhLTExZTYtOGY4OC0zNDM2M2JjN2M0YzAiOnsiY3JlYXRlIjozNjAwMDAwMDAwMDAwLCJkZWxldGUiOjM2MDAwMDAwMDAwMDAsInJlYWQiOjMwMDAwMDAwMDAwMCwidXBkYXRlIjozNjAwMDAwMDAwMDAwfX0="
        }
      ]
    }
  ],
  "check_results": null
}
