{
  "version": 4,
  "terraform_version": "1.10.0",
  "serial": 146,
  "lineage": "5b263b4c-4f7a-673c-e147-89d269bfd3c4",
  "outputs": {},
  "resources": [
    {
      "mode": "managed",
      "type": "azurerm_application_gateway",
      "name": "frontend_gateway",
      "provider": "provider[\"registry.terraform.io/hashicorp/azurerm\"]",
      "instances": [
        {
          "schema_version": 0,
          "attributes": {
            "authentication_certificate": [],
            "autoscale_configuration": [],
            "backend_address_pool": [
              {
                "fqdns": [],
                "id": "/subscriptions/f78b1160-ac53-46e6-b77c-be73847ecb68/resourceGroups/Terraform-chatapp/providers/Microsoft.Network/applicationGateways/frontend-gateway/backendAddressPools/frontend-backend-pool",
                "ip_addresses": [],
                "name": "frontend-backend-pool"
              }
            ],
            "backend_http_settings": [
              {
                "affinity_cookie_name": "",
                "authentication_certificate": [],
                "connection_draining": [],
                "cookie_based_affinity": "Disabled",
                "host_name": "",
                "id": "/subscriptions/f78b1160-ac53-46e6-b77c-be73847ecb68/resourceGroups/Terraform-chatapp/providers/Microsoft.Network/applicationGateways/frontend-gateway/backendHttpSettingsCollection/http-settings",
                "name": "http-settings",
                "path": "",
                "pick_host_name_from_backend_address": false,
                "port": 80,
                "probe_id": "",
                "probe_name": "",
                "protocol": "Http",
                "request_timeout": 30,
                "trusted_root_certificate_names": []
              }
            ],
            "custom_error_configuration": [],
            "enable_http2": false,
            "fips_enabled": false,
            "firewall_policy_id": "",
            "force_firewall_policy_association": false,
            "frontend_ip_configuration": [
              {
                "id": "/subscriptions/f78b1160-ac53-46e6-b77c-be73847ecb68/resourceGroups/Terraform-chatapp/providers/Microsoft.Network/applicationGateways/frontend-gateway/frontendIPConfigurations/frontend-public-ip",
                "name": "frontend-public-ip",
                "private_ip_address": "",
                "private_ip_address_allocation": "Dynamic",
                "private_link_configuration_id": "",
                "private_link_configuration_name": "",
                "public_ip_address_id": "/subscriptions/f78b1160-ac53-46e6-b77c-be73847ecb68/resourceGroups/Terraform-chatapp/providers/Microsoft.Network/publicIPAddresses/frontend-pip",
                "subnet_id": ""
              }
            ],
            "frontend_port": [
              {
                "id": "/subscriptions/f78b1160-ac53-46e6-b77c-be73847ecb68/resourceGroups/Terraform-chatapp/providers/Microsoft.Network/applicationGateways/frontend-gateway/frontendPorts/http-port",
                "name": "http-port",
                "port": 80
              }
            ],
            "gateway_ip_configuration": [
              {
                "id": "/subscriptions/f78b1160-ac53-46e6-b77c-be73847ecb68/resourceGroups/Terraform-chatapp/providers/Microsoft.Network/applicationGateways/frontend-gateway/gatewayIPConfigurations/frontend-gateway-ip",
                "name": "frontend-gateway-ip",
                "subnet_id": "/subscriptions/f78b1160-ac53-46e6-b77c-be73847ecb68/resourceGroups/Terraform-chatapp/providers/Microsoft.Network/virtualNetworks/chatapp-vnet/subnets/application-gateway-subnet"
              }
            ],
            "global": [],
            "http_listener": [
              {
                "custom_error_configuration": [],
                "firewall_policy_id": "",
                "frontend_ip_configuration_id": "/subscriptions/f78b1160-ac53-46e6-b77c-be73847ecb68/resourceGroups/Terraform-chatapp/providers/Microsoft.Network/applicationGateways/frontend-gateway/frontendIPConfigurations/frontend-public-ip",
                "frontend_ip_configuration_name": "frontend-public-ip",
                "frontend_port_id": "/subscriptions/f78b1160-ac53-46e6-b77c-be73847ecb68/resourceGroups/Terraform-chatapp/providers/Microsoft.Network/applicationGateways/frontend-gateway/frontendPorts/http-port",
                "frontend_port_name": "http-port",
                "host_name": "",
                "host_names": [],
                "id": "/subscriptions/f78b1160-ac53-46e6-b77c-be73847ecb68/resourceGroups/Terraform-chatapp/providers/Microsoft.Network/applicationGateways/frontend-gateway/httpListeners/http-listener",
                "name": "http-listener",
                "protocol": "Http",
                "require_sni": false,
                "ssl_certificate_id": "",
                "ssl_certificate_name": "",
                "ssl_profile_id": "",
                "ssl_profile_name": ""
              }
            ],
            "id": "/subscriptions/f78b1160-ac53-46e6-b77c-be73847ecb68/resourceGroups/Terraform-chatapp/providers/Microsoft.Network/applicationGateways/frontend-gateway",
            "identity": [],
            "location": "australiaeast",
            "name": "frontend-gateway",
            "private_endpoint_connection": [],
            "private_link_configuration": [],
            "probe": [],
            "redirect_configuration": [],
            "request_routing_rule": [
              {
                "backend_address_pool_id": "/subscriptions/f78b1160-ac53-46e6-b77c-be73847ecb68/resourceGroups/Terraform-chatapp/providers/Microsoft.Network/applicationGateways/frontend-gateway/backendAddressPools/frontend-backend-pool",
                "backend_address_pool_name": "frontend-backend-pool",
                "backend_http_settings_id": "/subscriptions/f78b1160-ac53-46e6-b77c-be73847ecb68/resourceGroups/Terraform-chatapp/providers/Microsoft.Network/applicationGateways/frontend-gateway/backendHttpSettingsCollection/http-settings",
                "backend_http_settings_name": "http-settings",
                "http_listener_id": "/subscriptions/f78b1160-ac53-46e6-b77c-be73847ecb68/resourceGroups/Terraform-chatapp/providers/Microsoft.Network/applicationGateways/frontend-gateway/httpListeners/http-listener",
                "http_listener_name": "http-listener",
                "id": "/subscriptions/f78b1160-ac53-46e6-b77c-be73847ecb68/resourceGroups/Terraform-chatapp/providers/Microsoft.Network/applicationGateways/frontend-gateway/requestRoutingRules/http-routing-rule",
                "name": "http-routing-rule",
                "priority": 1,
                "redirect_configuration_id": "",
                "redirect_configuration_name": "",
                "rewrite_rule_set_id": "",
                "rewrite_rule_set_name": "",
                "rule_type": "Basic",
                "url_path_map_id": "",
                "url_path_map_name": ""
              }
            ],
            "resource_group_name": "Terraform-chatapp",
            "rewrite_rule_set": [],
            "sku": [
              {
                "capacity": 1,
                "name": "Standard_v2",
                "tier": "Standard_v2"
              }
            ],
            "ssl_certificate": [],
            "ssl_policy": [
              {
                "cipher_suites": [],
                "disabled_protocols": [],
                "min_protocol_version": "",
                "policy_name": "AppGwSslPolicy20220101",
                "policy_type": "Predefined"
              }
            ],
            "ssl_profile": [],
            "tags": {},
            "timeouts": null,
            "trusted_client_certificate": [],
            "trusted_root_certificate": [],
            "url_path_map": [],
            "waf_configuration": [],
            "zones": []
          },
          "sensitive_attributes": [],
          "private": "eyJlMmJmYjczMC1lY2FhLTExZTYtOGY4OC0zNDM2M2JjN2M0YzAiOnsiY3JlYXRlIjo1NDAwMDAwMDAwMDAwLCJkZWxldGUiOjU0MDAwMDAwMDAwMDAsInJlYWQiOjMwMDAwMDAwMDAwMCwidXBkYXRlIjo1NDAwMDAwMDAwMDAwfX0=",
          "dependencies": [
            "azurerm_public_ip.frontend_pip",
            "azurerm_resource_group.chatapp_rg",
            "azurerm_subnet.application_gateway_subnet",
            "azurerm_virtual_network.chatapp_vnet"
          ]
        }
      ]
    },
    {
      "mode": "managed",
      "type": "azurerm_lb",
      "name": "backend_lb",
      "provider": "provider[\"registry.terraform.io/hashicorp/azurerm\"]",
      "instances": [
        {
          "schema_version": 0,
          "attributes": {
            "edge_zone": "",
            "frontend_ip_configuration": [
              {
                "gateway_load_balancer_frontend_ip_configuration_id": "",
                "id": "/subscriptions/f78b1160-ac53-46e6-b77c-be73847ecb68/resourceGroups/Terraform-chatapp/providers/Microsoft.Network/loadBalancers/backend-lb/frontendIPConfigurations/backend-frontend-ip",
                "inbound_nat_rules": [],
                "load_balancer_rules": [
                  "/subscriptions/f78b1160-ac53-46e6-b77c-be73847ecb68/resourceGroups/Terraform-chatapp/providers/Microsoft.Network/loadBalancers/backend-lb/loadBalancingRules/backend-rule"
                ],
                "name": "backend-frontend-ip",
                "outbound_rules": [],
                "private_ip_address": "",
                "private_ip_address_allocation": "Dynamic",
                "private_ip_address_version": "",
                "public_ip_address_id": "/subscriptions/f78b1160-ac53-46e6-b77c-be73847ecb68/resourceGroups/Terraform-chatapp/providers/Microsoft.Network/publicIPAddresses/backend-lb-pip",
                "public_ip_prefix_id": "",
                "subnet_id": "/subscriptions/f78b1160-ac53-46e6-b77c-be73847ecb68/resourceGroups/Terraform-chatapp/providers/Microsoft.Network/virtualNetworks/chatapp-vnet/subnets/backend-subnet",
                "zones": []
              }
            ],
            "id": "/subscriptions/f78b1160-ac53-46e6-b77c-be73847ecb68/resourceGroups/Terraform-chatapp/providers/Microsoft.Network/loadBalancers/backend-lb",
            "location": "australiaeast",
            "name": "backend-lb",
            "private_ip_address": "",
            "private_ip_addresses": [],
            "resource_group_name": "Terraform-chatapp",
            "sku": "Standard",
            "sku_tier": "Regional",
            "tags": {},
            "timeouts": null
          },
          "sensitive_attributes": [],
          "private": "eyJlMmJmYjczMC1lY2FhLTExZTYtOGY4OC0zNDM2M2JjN2M0YzAiOnsiY3JlYXRlIjoxODAwMDAwMDAwMDAwLCJkZWxldGUiOjE4MDAwMDAwMDAwMDAsInJlYWQiOjMwMDAwMDAwMDAwMCwidXBkYXRlIjoxODAwMDAwMDAwMDAwfX0=",
          "dependencies": [
            "azurerm_resource_group.chatapp_rg",
            "azurerm_subnet.backend_subnet",
            "azurerm_virtual_network.chatapp_vnet"
          ]
        }
      ]
    },
    {
      "mode": "managed",
      "type": "azurerm_lb_backend_address_pool",
      "name": "backend_pool",
      "provider": "provider[\"registry.terraform.io/hashicorp/azurerm\"]",
      "instances": [
        {
          "schema_version": 0,
          "attributes": {
            "backend_ip_configurations": [
              "/subscriptions/f78b1160-ac53-46e6-b77c-be73847ecb68/resourceGroups/Terraform-chatapp/providers/Microsoft.Compute/virtualMachineScaleSets/frontend-vmss/virtualMachines/0/networkInterfaces/frontend-nic/ipConfigurations/frontend-ipconfig",
              "/subscriptions/f78b1160-ac53-46e6-b77c-be73847ecb68/resourceGroups/Terraform-chatapp/providers/Microsoft.Compute/virtualMachineScaleSets/backend-vmss/virtualMachines/1/networkInterfaces/backend-nic/ipConfigurations/backend-ipconfig"
            ],
            "id": "/subscriptions/f78b1160-ac53-46e6-b77c-be73847ecb68/resourceGroups/Terraform-chatapp/providers/Microsoft.Network/loadBalancers/backend-lb/backendAddressPools/backend-pool",
            "inbound_nat_rules": [],
            "load_balancing_rules": [],
            "loadbalancer_id": "/subscriptions/f78b1160-ac53-46e6-b77c-be73847ecb68/resourceGroups/Terraform-chatapp/providers/Microsoft.Network/loadBalancers/backend-lb",
            "name": "backend-pool",
            "outbound_rules": [],
            "synchronous_mode": "",
            "timeouts": null,
            "tunnel_interface": [],
            "virtual_network_id": ""
          },
          "sensitive_attributes": [],
          "private": "eyJlMmJmYjczMC1lY2FhLTExZTYtOGY4OC0zNDM2M2JjN2M0YzAiOnsiY3JlYXRlIjoxODAwMDAwMDAwMDAwLCJkZWxldGUiOjE4MDAwMDAwMDAwMDAsInJlYWQiOjMwMDAwMDAwMDAwMCwidXBkYXRlIjoxODAwMDAwMDAwMDAwfX0=",
          "dependencies": [
            "azurerm_lb.backend_lb",
            "azurerm_resource_group.chatapp_rg",
            "azurerm_subnet.backend_subnet",
            "azurerm_virtual_network.chatapp_vnet"
          ]
        }
      ]
    },
    {
      "mode": "managed",
      "type": "azurerm_lb_probe",
      "name": "backend_probe",
      "provider": "provider[\"registry.terraform.io/hashicorp/azurerm\"]",
      "instances": [
        {
          "schema_version": 0,
          "attributes": {
            "id": "/subscriptions/f78b1160-ac53-46e6-b77c-be73847ecb68/resourceGroups/Terraform-chatapp/providers/Microsoft.Network/loadBalancers/backend-lb/probes/backend-probe",
            "interval_in_seconds": 15,
            "load_balancer_rules": [
              "/subscriptions/f78b1160-ac53-46e6-b77c-be73847ecb68/resourceGroups/Terraform-chatapp/providers/Microsoft.Network/loadBalancers/backend-lb/loadBalancingRules/backend-rule"
            ],
            "loadbalancer_id": "/subscriptions/f78b1160-ac53-46e6-b77c-be73847ecb68/resourceGroups/Terraform-chatapp/providers/Microsoft.Network/loadBalancers/backend-lb",
            "name": "backend-probe",
            "number_of_probes": 2,
            "port": 80,
            "probe_threshold": 1,
            "protocol": "Http",
            "request_path": "/health",
            "timeouts": null
          },
          "sensitive_attributes": [],
          "private": "eyJlMmJmYjczMC1lY2FhLTExZTYtOGY4OC0zNDM2M2JjN2M0YzAiOnsiY3JlYXRlIjoxODAwMDAwMDAwMDAwLCJkZWxldGUiOjE4MDAwMDAwMDAwMDAsInJlYWQiOjMwMDAwMDAwMDAwMCwidXBkYXRlIjoxODAwMDAwMDAwMDAwfX0=",
          "dependencies": [
            "azurerm_lb.backend_lb",
            "azurerm_resource_group.chatapp_rg",
            "azurerm_subnet.backend_subnet",
            "azurerm_virtual_network.chatapp_vnet"
          ]
        }
      ]
    },
    {
      "mode": "managed",
      "type": "azurerm_lb_rule",
      "name": "backend_lb_rule",
      "provider": "provider[\"registry.terraform.io/hashicorp/azurerm\"]",
      "instances": [
        {
          "schema_version": 0,
          "attributes": {
            "backend_address_pool_ids": [],
            "backend_port": 80,
            "disable_outbound_snat": false,
            "enable_floating_ip": false,
            "enable_tcp_reset": false,
            "frontend_ip_configuration_id": "/subscriptions/f78b1160-ac53-46e6-b77c-be73847ecb68/resourceGroups/Terraform-chatapp/providers/Microsoft.Network/loadBalancers/backend-lb/frontendIPConfigurations/backend-frontend-ip",
            "frontend_ip_configuration_name": "backend-frontend-ip",
            "frontend_port": 80,
            "id": "/subscriptions/f78b1160-ac53-46e6-b77c-be73847ecb68/resourceGroups/Terraform-chatapp/providers/Microsoft.Network/loadBalancers/backend-lb/loadBalancingRules/backend-rule",
            "idle_timeout_in_minutes": 4,
            "load_distribution": "Default",
            "loadbalancer_id": "/subscriptions/f78b1160-ac53-46e6-b77c-be73847ecb68/resourceGroups/Terraform-chatapp/providers/Microsoft.Network/loadBalancers/backend-lb",
            "name": "backend-rule",
            "probe_id": "/subscriptions/f78b1160-ac53-46e6-b77c-be73847ecb68/resourceGroups/Terraform-chatapp/providers/Microsoft.Network/loadBalancers/backend-lb/probes/backend-probe",
            "protocol": "Tcp",
            "timeouts": null
          },
          "sensitive_attributes": [],
          "private": "eyJlMmJmYjczMC1lY2FhLTExZTYtOGY4OC0zNDM2M2JjN2M0YzAiOnsiY3JlYXRlIjoxODAwMDAwMDAwMDAwLCJkZWxldGUiOjE4MDAwMDAwMDAwMDAsInJlYWQiOjMwMDAwMDAwMDAwMCwidXBkYXRlIjoxODAwMDAwMDAwMDAwfX0=",
          "dependencies": [
            "azurerm_lb.backend_lb",
            "azurerm_lb_probe.backend_probe",
            "azurerm_resource_group.chatapp_rg",
            "azurerm_subnet.backend_subnet",
            "azurerm_virtual_network.chatapp_vnet"
          ]
        }
      ]
    },
    {
      "mode": "managed",
      "type": "azurerm_linux_virtual_machine",
      "name": "database_vm",
      "provider": "provider[\"registry.terraform.io/hashicorp/azurerm\"]",
      "instances": [
        {
          "schema_version": 0,
          "attributes": {
            "additional_capabilities": [],
            "admin_password": "Himanshu@2001",
            "admin_ssh_key": [],
            "admin_username": "sysadmin",
            "allow_extension_operations": true,
            "availability_set_id": "",
            "boot_diagnostics": [],
            "bypass_platform_safety_checks_on_user_schedule_enabled": false,
            "capacity_reservation_group_id": "",
            "computer_name": "database-vm",
            "custom_data": null,
            "dedicated_host_group_id": "",
            "dedicated_host_id": "",
            "disable_password_authentication": false,
            "disk_controller_type": "",
            "edge_zone": "",
            "encryption_at_host_enabled": false,
            "eviction_policy": "",
            "extensions_time_budget": "PT1H30M",
            "gallery_application": [],
            "id": "/subscriptions/f78b1160-ac53-46e6-b77c-be73847ecb68/resourceGroups/Terraform-chatapp/providers/Microsoft.Compute/virtualMachines/database-vm",
            "identity": [],
            "license_type": "",
            "location": "australiaeast",
            "max_bid_price": -1,
            "name": "database-vm",
            "network_interface_ids": [
              "/subscriptions/f78b1160-ac53-46e6-b77c-be73847ecb68/resourceGroups/Terraform-chatapp/providers/Microsoft.Network/networkInterfaces/database-vm-nic"
            ],
            "os_disk": [
              {
                "caching": "ReadWrite",
                "diff_disk_settings": [],
                "disk_encryption_set_id": "",
                "disk_size_gb": 30,
                "name": "database-vm_OsDisk_1_49b6b88ec4b442be99a6f444ca04cfb1",
                "secure_vm_disk_encryption_set_id": "",
                "security_encryption_type": "",
                "storage_account_type": "Standard_LRS",
                "write_accelerator_enabled": false
              }
            ],
            "os_image_notification": [],
            "patch_assessment_mode": "ImageDefault",
            "patch_mode": "ImageDefault",
            "plan": [],
            "platform_fault_domain": -1,
            "priority": "Regular",
            "private_ip_address": "10.0.3.4",
            "private_ip_addresses": [
              "10.0.3.4"
            ],
            "provision_vm_agent": true,
            "proximity_placement_group_id": "",
            "public_ip_address": "",
            "public_ip_addresses": [],
            "reboot_setting": "",
            "resource_group_name": "Terraform-chatapp",
            "secret": [],
            "secure_boot_enabled": false,
            "size": "Standard_B1ls",
            "source_image_id": "",
            "source_image_reference": [
              {
                "offer": "UbuntuServer",
                "publisher": "Canonical",
                "sku": "18.04-LTS",
                "version": "latest"
              }
            ],
            "tags": {},
            "termination_notification": [],
            "timeouts": null,
            "user_data": "",
            "virtual_machine_id": "ca7566a8-466e-4c54-a101-4961b80bf41e",
            "virtual_machine_scale_set_id": "",
            "vm_agent_platform_updates_enabled": false,
            "vtpm_enabled": false,
            "zone": ""
          },
          "sensitive_attributes": [
            [
              {
                "type": "get_attr",
                "value": "custom_data"
              }
            ],
            [
              {
                "type": "get_attr",
                "value": "admin_password"
              }
            ]
          ],
          "private": "eyJlMmJmYjczMC1lY2FhLTExZTYtOGY4OC0zNDM2M2JjN2M0YzAiOnsiY3JlYXRlIjoyNzAwMDAwMDAwMDAwLCJkZWxldGUiOjI3MDAwMDAwMDAwMDAsInJlYWQiOjMwMDAwMDAwMDAwMCwidXBkYXRlIjoyNzAwMDAwMDAwMDAwfX0=",
          "dependencies": [
            "azurerm_network_interface.database_vm_nic",
            "azurerm_resource_group.chatapp_rg",
            "azurerm_subnet.database_subnet",
            "azurerm_virtual_network.chatapp_vnet"
          ]
        }
      ]
    },
    {
      "mode": "managed",
      "type": "azurerm_linux_virtual_machine_scale_set",
      "name": "backend_vmss",
      "provider": "provider[\"registry.terraform.io/hashicorp/azurerm\"]",
      "instances": [
        {
          "schema_version": 0,
          "attributes": {
            "additional_capabilities": [],
            "admin_password": "Himanshu@2001",
            "admin_ssh_key": [],
            "admin_username": "sysadmin",
            "automatic_instance_repair": [],
            "automatic_os_upgrade_policy": [],
            "boot_diagnostics": [],
            "capacity_reservation_group_id": "",
            "computer_name_prefix": "backend-vmss",
            "custom_data": null,
            "data_disk": [],
            "disable_password_authentication": false,
            "do_not_run_extensions_on_overprovisioned_machines": false,
            "edge_zone": "",
            "encryption_at_host_enabled": false,
            "eviction_policy": "",
            "extension": [],
            "extension_operations_enabled": true,
            "extensions_time_budget": "PT1H30M",
            "gallery_application": [],
            "health_probe_id": "",
            "host_group_id": null,
            "id": "/subscriptions/f78b1160-ac53-46e6-b77c-be73847ecb68/resourceGroups/Terraform-chatapp/providers/Microsoft.Compute/virtualMachineScaleSets/backend-vmss",
            "identity": [],
            "instances": 1,
            "location": "australiaeast",
            "max_bid_price": -1,
            "name": "backend-vmss",
            "network_interface": [
              {
                "dns_servers": [],
                "enable_accelerated_networking": false,
                "enable_ip_forwarding": false,
                "ip_configuration": [
                  {
                    "application_gateway_backend_address_pool_ids": [],
                    "application_security_group_ids": [],
                    "load_balancer_backend_address_pool_ids": [
                      "/subscriptions/f78b1160-ac53-46e6-b77c-be73847ecb68/resourceGroups/Terraform-chatapp/providers/Microsoft.Network/loadBalancers/backend-lb/backendAddressPools/backend-pool"
                    ],
                    "load_balancer_inbound_nat_rules_ids": [],
                    "name": "backend-ipconfig",
                    "primary": true,
                    "public_ip_address": [],
                    "subnet_id": "/subscriptions/f78b1160-ac53-46e6-b77c-be73847ecb68/resourceGroups/Terraform-chatapp/providers/Microsoft.Network/virtualNetworks/chatapp-vnet/subnets/backend-subnet",
                    "version": "IPv4"
                  }
                ],
                "name": "backend-nic",
                "network_security_group_id": "",
                "primary": true
              }
            ],
            "os_disk": [
              {
                "caching": "ReadWrite",
                "diff_disk_settings": [],
                "disk_encryption_set_id": "",
                "disk_size_gb": 30,
                "secure_vm_disk_encryption_set_id": "",
                "security_encryption_type": "",
                "storage_account_type": "Standard_LRS",
                "write_accelerator_enabled": false
              }
            ],
            "overprovision": true,
            "plan": [
              {
                "name": "ubuntu1804",
                "product": "vm-ban-lin-ubuntu-1804",
                "publisher": "bansirllc1619470302579"
              }
            ],
            "platform_fault_domain_count": 5,
            "priority": "Regular",
            "provision_vm_agent": true,
            "proximity_placement_group_id": "",
            "resource_group_name": "Terraform-chatapp",
            "rolling_upgrade_policy": [],
            "scale_in": [],
            "secret": [],
            "secure_boot_enabled": false,
            "single_placement_group": true,
            "sku": "Standard_B1ls",
            "source_image_id": "/subscriptions/f78b1160-ac53-46e6-b77c-be73847ecb68/resourceGroups/MyInfra-RG/providers/Microsoft.Compute/galleries/gallary1/images/backend/versions/0.0.3",
            "source_image_reference": [],
            "spot_restore": [],
            "tags": {},
            "termination_notification": [],
            "timeouts": null,
            "unique_id": "098f45d3-8be7-4194-b50b-27ed5304bece",
            "upgrade_mode": "Manual",
            "user_data": "",
            "vtpm_enabled": false,
            "zone_balance": false,
            "zones": []
          },
          "sensitive_attributes": [
            [
              {
                "type": "get_attr",
                "value": "custom_data"
              }
            ],
            [
              {
                "type": "get_attr",
                "value": "admin_password"
              }
            ]
          ],
          "private": "eyJlMmJmYjczMC1lY2FhLTExZTYtOGY4OC0zNDM2M2JjN2M0YzAiOnsiY3JlYXRlIjozNjAwMDAwMDAwMDAwLCJkZWxldGUiOjM2MDAwMDAwMDAwMDAsInJlYWQiOjMwMDAwMDAwMDAwMCwidXBkYXRlIjozNjAwMDAwMDAwMDAwfX0=",
          "dependencies": [
            "azurerm_lb.backend_lb",
            "azurerm_lb_backend_address_pool.backend_pool",
            "azurerm_resource_group.chatapp_rg",
            "azurerm_subnet.backend_subnet",
            "azurerm_virtual_network.chatapp_vnet"
          ]
        }
      ]
    },
    {
      "mode": "managed",
      "type": "azurerm_linux_virtual_machine_scale_set",
      "name": "frontend_vmss",
      "provider": "provider[\"registry.terraform.io/hashicorp/azurerm\"]",
      "instances": [
        {
          "schema_version": 0,
          "attributes": {
            "additional_capabilities": [],
            "admin_password": "Himanshu@2001",
            "admin_ssh_key": [],
            "admin_username": "sysadmin",
            "automatic_instance_repair": [],
            "automatic_os_upgrade_policy": [],
            "boot_diagnostics": [],
            "capacity_reservation_group_id": "",
            "computer_name_prefix": "frontend-vmss",
            "custom_data": null,
            "data_disk": [],
            "disable_password_authentication": false,
            "do_not_run_extensions_on_overprovisioned_machines": false,
            "edge_zone": "",
            "encryption_at_host_enabled": false,
            "eviction_policy": "",
            "extension": [],
            "extension_operations_enabled": true,
            "extensions_time_budget": "PT1H30M",
            "gallery_application": [],
            "health_probe_id": "",
            "host_group_id": null,
            "id": "/subscriptions/f78b1160-ac53-46e6-b77c-be73847ecb68/resourceGroups/Terraform-chatapp/providers/Microsoft.Compute/virtualMachineScaleSets/frontend-vmss",
            "identity": [],
            "instances": 1,
            "location": "australiaeast",
            "max_bid_price": -1,
            "name": "frontend-vmss",
            "network_interface": [
              {
                "dns_servers": [],
                "enable_accelerated_networking": false,
                "enable_ip_forwarding": false,
                "ip_configuration": [
                  {
                    "application_gateway_backend_address_pool_ids": [],
                    "application_security_group_ids": [],
                    "load_balancer_backend_address_pool_ids": [],
                    "load_balancer_inbound_nat_rules_ids": [],
                    "name": "frontend-ipconfig",
                    "primary": true,
                    "public_ip_address": [],
                    "subnet_id": "/subscriptions/f78b1160-ac53-46e6-b77c-be73847ecb68/resourceGroups/Terraform-chatapp/providers/Microsoft.Network/virtualNetworks/chatapp-vnet/subnets/frontend-subnet",
                    "version": "IPv4"
                  }
                ],
                "name": "frontend-nic",
                "network_security_group_id": "",
                "primary": true
              }
            ],
            "os_disk": [
              {
                "caching": "ReadWrite",
                "diff_disk_settings": [],
                "disk_encryption_set_id": "",
                "disk_size_gb": 30,
                "secure_vm_disk_encryption_set_id": "",
                "security_encryption_type": "",
                "storage_account_type": "Standard_LRS",
                "write_accelerator_enabled": false
              }
            ],
            "overprovision": true,
            "plan": [],
            "platform_fault_domain_count": 5,
            "priority": "Regular",
            "provision_vm_agent": true,
            "proximity_placement_group_id": "",
            "resource_group_name": "Terraform-chatapp",
            "rolling_upgrade_policy": [],
            "scale_in": [],
            "secret": [],
            "secure_boot_enabled": false,
            "single_placement_group": true,
            "sku": "Standard_B1ls",
            "source_image_id": "/subscriptions/f78b1160-ac53-46e6-b77c-be73847ecb68/resourceGroups/MyInfra-RG/providers/Microsoft.Compute/galleries/gallary1/images/frontend1/versions/0.0.2",
            "source_image_reference": [],
            "spot_restore": [],
            "tags": {},
            "termination_notification": [],
            "timeouts": null,
            "unique_id": "ee3311ba-b92a-43c1-8446-55456e373e9a",
            "upgrade_mode": "Manual",
            "user_data": "",
            "vtpm_enabled": false,
            "zone_balance": false,
            "zones": []
          },
          "sensitive_attributes": [
            [
              {
                "type": "get_attr",
                "value": "admin_password"
              }
            ],
            [
              {
                "type": "get_attr",
                "value": "custom_data"
              }
            ]
          ],
          "private": "eyJlMmJmYjczMC1lY2FhLTExZTYtOGY4OC0zNDM2M2JjN2M0YzAiOnsiY3JlYXRlIjozNjAwMDAwMDAwMDAwLCJkZWxldGUiOjM2MDAwMDAwMDAwMDAsInJlYWQiOjMwMDAwMDAwMDAwMCwidXBkYXRlIjozNjAwMDAwMDAwMDAwfX0=",
          "dependencies": [
            "azurerm_resource_group.chatapp_rg",
            "azurerm_subnet.frontend_subnet",
            "azurerm_virtual_network.chatapp_vnet"
          ]
        }
      ]
    },
    {
      "mode": "managed",
      "type": "azurerm_network_interface",
      "name": "database_vm_nic",
      "provider": "provider[\"registry.terraform.io/hashicorp/azurerm\"]",
      "instances": [
        {
          "schema_version": 0,
          "attributes": {
            "accelerated_networking_enabled": false,
            "applied_dns_servers": [],
            "auxiliary_mode": "",
            "auxiliary_sku": "",
            "dns_servers": [],
            "edge_zone": "",
            "id": "/subscriptions/f78b1160-ac53-46e6-b77c-be73847ecb68/resourceGroups/Terraform-chatapp/providers/Microsoft.Network/networkInterfaces/database-vm-nic",
            "internal_dns_name_label": "",
            "internal_domain_name_suffix": "1c1stsoy3peebnukwmszqxuang.px.internal.cloudapp.net",
            "ip_configuration": [
              {
                "gateway_load_balancer_frontend_ip_configuration_id": "",
                "name": "database-ipconfig",
                "primary": true,
                "private_ip_address": "10.0.3.4",
                "private_ip_address_allocation": "Dynamic",
                "private_ip_address_version": "IPv4",
                "public_ip_address_id": "",
                "subnet_id": "/subscriptions/f78b1160-ac53-46e6-b77c-be73847ecb68/resourceGroups/Terraform-chatapp/providers/Microsoft.Network/virtualNetworks/chatapp-vnet/subnets/database-subnet"
              }
            ],
            "ip_forwarding_enabled": false,
            "location": "australiaeast",
            "mac_address": "00-0D-3A-CC-3F-9A",
            "name": "database-vm-nic",
            "private_ip_address": "10.0.3.4",
            "private_ip_addresses": [
              "10.0.3.4"
            ],
            "resource_group_name": "Terraform-chatapp",
            "tags": {},
            "timeouts": null,
            "virtual_machine_id": "/subscriptions/f78b1160-ac53-46e6-b77c-be73847ecb68/resourceGroups/Terraform-chatapp/providers/Microsoft.Compute/virtualMachines/database-vm"
          },
          "sensitive_attributes": [],
          "private": "eyJlMmJmYjczMC1lY2FhLTExZTYtOGY4OC0zNDM2M2JjN2M0YzAiOnsiY3JlYXRlIjoxODAwMDAwMDAwMDAwLCJkZWxldGUiOjE4MDAwMDAwMDAwMDAsInJlYWQiOjMwMDAwMDAwMDAwMCwidXBkYXRlIjoxODAwMDAwMDAwMDAwfX0=",
          "dependencies": [
            "azurerm_resource_group.chatapp_rg",
            "azurerm_subnet.database_subnet",
            "azurerm_virtual_network.chatapp_vnet"
          ]
        }
      ]
    },
    {
      "mode": "managed",
      "type": "azurerm_network_interface_security_group_association",
      "name": "database_vm_nic_nsg_association",
      "provider": "provider[\"registry.terraform.io/hashicorp/azurerm\"]",
      "instances": [
        {
          "schema_version": 0,
          "attributes": {
            "id": "/subscriptions/f78b1160-ac53-46e6-b77c-be73847ecb68/resourceGroups/Terraform-chatapp/providers/Microsoft.Network/networkInterfaces/database-vm-nic|/subscriptions/f78b1160-ac53-46e6-b77c-be73847ecb68/resourceGroups/Terraform-chatapp/providers/Microsoft.Network/networkSecurityGroups/database-vm-nsg",
            "network_interface_id": "/subscriptions/f78b1160-ac53-46e6-b77c-be73847ecb68/resourceGroups/Terraform-chatapp/providers/Microsoft.Network/networkInterfaces/database-vm-nic",
            "network_security_group_id": "/subscriptions/f78b1160-ac53-46e6-b77c-be73847ecb68/resourceGroups/Terraform-chatapp/providers/Microsoft.Network/networkSecurityGroups/database-vm-nsg",
            "timeouts": null
          },
          "sensitive_attributes": [],
          "private": "eyJlMmJmYjczMC1lY2FhLTExZTYtOGY4OC0zNDM2M2JjN2M0YzAiOnsiY3JlYXRlIjoxODAwMDAwMDAwMDAwLCJkZWxldGUiOjE4MDAwMDAwMDAwMDAsInJlYWQiOjMwMDAwMDAwMDAwMH19",
          "dependencies": [
            "azurerm_network_interface.database_vm_nic",
            "azurerm_network_security_group.database_vm_nsg",
            "azurerm_resource_group.chatapp_rg",
            "azurerm_subnet.database_subnet",
            "azurerm_virtual_network.chatapp_vnet"
          ]
        }
      ]
    },
    {
      "mode": "managed",
      "type": "azurerm_network_security_group",
      "name": "backend_nsg",
      "provider": "provider[\"registry.terraform.io/hashicorp/azurerm\"]",
      "instances": [
        {
          "schema_version": 0,
          "attributes": {
            "id": "/subscriptions/f78b1160-ac53-46e6-b77c-be73847ecb68/resourceGroups/Terraform-chatapp/providers/Microsoft.Network/networkSecurityGroups/backend-nsg",
            "location": "australiaeast",
            "name": "backend-nsg",
            "resource_group_name": "Terraform-chatapp",
            "security_rule": [
              {
                "access": "Allow",
                "description": "",
                "destination_address_prefix": "*",
                "destination_address_prefixes": [],
                "destination_application_security_group_ids": [],
                "destination_port_range": "22",
                "destination_port_ranges": [],
                "direction": "Inbound",
                "name": "Allow-SSH",
                "priority": 200,
                "protocol": "Tcp",
                "source_address_prefix": "*",
                "source_address_prefixes": [],
                "source_application_security_group_ids": [],
                "source_port_range": "*",
                "source_port_ranges": []
              },
              {
                "access": "Allow",
                "description": "",
                "destination_address_prefix": "*",
                "destination_address_prefixes": [],
                "destination_application_security_group_ids": [],
                "destination_port_range": "80",
                "destination_port_ranges": [],
                "direction": "Inbound",
                "name": "Allow-HTTP",
                "priority": 100,
                "protocol": "Tcp",
                "source_address_prefix": "*",
                "source_address_prefixes": [],
                "source_application_security_group_ids": [],
                "source_port_range": "*",
                "source_port_ranges": []
              }
            ],
            "tags": {},
            "timeouts": null
          },
          "sensitive_attributes": [],
          "private": "eyJlMmJmYjczMC1lY2FhLTExZTYtOGY4OC0zNDM2M2JjN2M0YzAiOnsiY3JlYXRlIjoxODAwMDAwMDAwMDAwLCJkZWxldGUiOjE4MDAwMDAwMDAwMDAsInJlYWQiOjMwMDAwMDAwMDAwMCwidXBkYXRlIjoxODAwMDAwMDAwMDAwfX0=",
          "dependencies": [
            "azurerm_resource_group.chatapp_rg"
          ]
        }
      ]
    },
    {
      "mode": "managed",
      "type": "azurerm_network_security_group",
      "name": "database_vm_nsg",
      "provider": "provider[\"registry.terraform.io/hashicorp/azurerm\"]",
      "instances": [
        {
          "schema_version": 0,
          "attributes": {
            "id": "/subscriptions/f78b1160-ac53-46e6-b77c-be73847ecb68/resourceGroups/Terraform-chatapp/providers/Microsoft.Network/networkSecurityGroups/database-vm-nsg",
            "location": "australiaeast",
            "name": "database-vm-nsg",
            "resource_group_name": "Terraform-chatapp",
            "security_rule": [
              {
                "access": "Allow",
                "description": "",
                "destination_address_prefix": "*",
                "destination_address_prefixes": [],
                "destination_application_security_group_ids": [],
                "destination_port_range": "22",
                "destination_port_ranges": [],
                "direction": "Inbound",
                "name": "AllowSSH",
                "priority": 110,
                "protocol": "Tcp",
                "source_address_prefix": "*",
                "source_address_prefixes": [],
                "source_application_security_group_ids": [],
                "source_port_range": "*",
                "source_port_ranges": []
              },
              {
                "access": "Allow",
                "description": "",
                "destination_address_prefix": "*",
                "destination_address_prefixes": [],
                "destination_application_security_group_ids": [],
                "destination_port_range": "3306",
                "destination_port_ranges": [],
                "direction": "Inbound",
                "name": "AllowMySQL",
                "priority": 100,
                "protocol": "Tcp",
                "source_address_prefix": "*",
                "source_address_prefixes": [],
                "source_application_security_group_ids": [],
                "source_port_range": "*",
                "source_port_ranges": []
              }
            ],
            "tags": {},
            "timeouts": null
          },
          "sensitive_attributes": [],
          "private": "eyJlMmJmYjczMC1lY2FhLTExZTYtOGY4OC0zNDM2M2JjN2M0YzAiOnsiY3JlYXRlIjoxODAwMDAwMDAwMDAwLCJkZWxldGUiOjE4MDAwMDAwMDAwMDAsInJlYWQiOjMwMDAwMDAwMDAwMCwidXBkYXRlIjoxODAwMDAwMDAwMDAwfX0=",
          "dependencies": [
            "azurerm_resource_group.chatapp_rg"
          ]
        }
      ]
    },
    {
      "mode": "managed",
      "type": "azurerm_network_security_group",
      "name": "frontend_nsg",
      "provider": "provider[\"registry.terraform.io/hashicorp/azurerm\"]",
      "instances": [
        {
          "schema_version": 0,
          "attributes": {
            "id": "/subscriptions/f78b1160-ac53-46e6-b77c-be73847ecb68/resourceGroups/Terraform-chatapp/providers/Microsoft.Network/networkSecurityGroups/frontend-nsg",
            "location": "australiaeast",
            "name": "frontend-nsg",
            "resource_group_name": "Terraform-chatapp",
            "security_rule": [
              {
                "access": "Allow",
                "description": "",
                "destination_address_prefix": "*",
                "destination_address_prefixes": [],
                "destination_application_security_group_ids": [],
                "destination_port_range": "22",
                "destination_port_ranges": [],
                "direction": "Inbound",
                "name": "allow-ssh",
                "priority": 100,
                "protocol": "Tcp",
                "source_address_prefix": "*",
                "source_address_prefixes": [],
                "source_application_security_group_ids": [],
                "source_port_range": "*",
                "source_port_ranges": []
              },
              {
                "access": "Allow",
                "description": "",
                "destination_address_prefix": "*",
                "destination_address_prefixes": [],
                "destination_application_security_group_ids": [],
                "destination_port_range": "80",
                "destination_port_ranges": [],
                "direction": "Inbound",
                "name": "allow-http",
                "priority": 200,
                "protocol": "Tcp",
                "source_address_prefix": "*",
                "source_address_prefixes": [],
                "source_application_security_group_ids": [],
                "source_port_range": "*",
                "source_port_ranges": []
              }
            ],
            "tags": {},
            "timeouts": null
          },
          "sensitive_attributes": [],
          "private": "eyJlMmJmYjczMC1lY2FhLTExZTYtOGY4OC0zNDM2M2JjN2M0YzAiOnsiY3JlYXRlIjoxODAwMDAwMDAwMDAwLCJkZWxldGUiOjE4MDAwMDAwMDAwMDAsInJlYWQiOjMwMDAwMDAwMDAwMCwidXBkYXRlIjoxODAwMDAwMDAwMDAwfX0=",
          "dependencies": [
            "azurerm_resource_group.chatapp_rg"
          ]
        }
      ]
    },
    {
      "mode": "managed",
      "type": "azurerm_public_ip",
      "name": "backend_lb_pip",
      "provider": "provider[\"registry.terraform.io/hashicorp/azurerm\"]",
      "instances": [
        {
          "schema_version": 0,
          "attributes": {
            "allocation_method": "Static",
            "ddos_protection_mode": "VirtualNetworkInherited",
            "ddos_protection_plan_id": null,
            "domain_name_label": null,
            "domain_name_label_scope": null,
            "edge_zone": "",
            "fqdn": null,
            "id": "/subscriptions/f78b1160-ac53-46e6-b77c-be73847ecb68/resourceGroups/Terraform-chatapp/providers/Microsoft.Network/publicIPAddresses/backend-lb-pip",
            "idle_timeout_in_minutes": 4,
            "ip_address": "13.75.227.100",
            "ip_tags": {},
            "ip_version": "IPv4",
            "location": "australiaeast",
            "name": "backend-lb-pip",
            "public_ip_prefix_id": null,
            "resource_group_name": "Terraform-chatapp",
            "reverse_fqdn": null,
            "sku": "Standard",
            "sku_tier": "Regional",
            "tags": {},
            "timeouts": null,
            "zones": []
          },
          "sensitive_attributes": [],
          "private": "eyJlMmJmYjczMC1lY2FhLTExZTYtOGY4OC0zNDM2M2JjN2M0YzAiOnsiY3JlYXRlIjoxODAwMDAwMDAwMDAwLCJkZWxldGUiOjE4MDAwMDAwMDAwMDAsInJlYWQiOjMwMDAwMDAwMDAwMCwidXBkYXRlIjoxODAwMDAwMDAwMDAwfX0=",
          "dependencies": [
            "azurerm_resource_group.chatapp_rg"
          ]
        }
      ]
    },
    {
      "mode": "managed",
      "type": "azurerm_public_ip",
      "name": "frontend_pip",
      "provider": "provider[\"registry.terraform.io/hashicorp/azurerm\"]",
      "instances": [
        {
          "schema_version": 0,
          "attributes": {
            "allocation_method": "Static",
            "ddos_protection_mode": "VirtualNetworkInherited",
            "ddos_protection_plan_id": null,
            "domain_name_label": null,
            "domain_name_label_scope": null,
            "edge_zone": "",
            "fqdn": null,
            "id": "/subscriptions/f78b1160-ac53-46e6-b77c-be73847ecb68/resourceGroups/Terraform-chatapp/providers/Microsoft.Network/publicIPAddresses/frontend-pip",
            "idle_timeout_in_minutes": 4,
            "ip_address": "52.237.246.89",
            "ip_tags": {},
            "ip_version": "IPv4",
            "location": "australiaeast",
            "name": "frontend-pip",
            "public_ip_prefix_id": null,
            "resource_group_name": "Terraform-chatapp",
            "reverse_fqdn": null,
            "sku": "Standard",
            "sku_tier": "Regional",
            "tags": {},
            "timeouts": null,
            "zones": []
          },
          "sensitive_attributes": [],
          "private": "eyJlMmJmYjczMC1lY2FhLTExZTYtOGY4OC0zNDM2M2JjN2M0YzAiOnsiY3JlYXRlIjoxODAwMDAwMDAwMDAwLCJkZWxldGUiOjE4MDAwMDAwMDAwMDAsInJlYWQiOjMwMDAwMDAwMDAwMCwidXBkYXRlIjoxODAwMDAwMDAwMDAwfX0=",
          "dependencies": [
            "azurerm_resource_group.chatapp_rg"
          ]
        }
      ]
    },
    {
      "mode": "managed",
      "type": "azurerm_public_ip",
      "name": "frontend_vmss_pip",
      "provider": "provider[\"registry.terraform.io/hashicorp/azurerm\"]",
      "instances": [
        {
          "schema_version": 0,
          "attributes": {
            "allocation_method": "Static",
            "ddos_protection_mode": "VirtualNetworkInherited",
            "ddos_protection_plan_id": null,
            "domain_name_label": null,
            "domain_name_label_scope": null,
            "edge_zone": "",
            "fqdn": null,
            "id": "/subscriptions/f78b1160-ac53-46e6-b77c-be73847ecb68/resourceGroups/Terraform-chatapp/providers/Microsoft.Network/publicIPAddresses/frontend-vmss-pip",
            "idle_timeout_in_minutes": 4,
            "ip_address": "68.218.46.24",
            "ip_tags": {},
            "ip_version": "IPv4",
            "location": "australiaeast",
            "name": "frontend-vmss-pip",
            "public_ip_prefix_id": null,
            "resource_group_name": "Terraform-chatapp",
            "reverse_fqdn": null,
            "sku": "Standard",
            "sku_tier": "Regional",
            "tags": {},
            "timeouts": null,
            "zones": []
          },
          "sensitive_attributes": [],
          "private": "eyJlMmJmYjczMC1lY2FhLTExZTYtOGY4OC0zNDM2M2JjN2M0YzAiOnsiY3JlYXRlIjoxODAwMDAwMDAwMDAwLCJkZWxldGUiOjE4MDAwMDAwMDAwMDAsInJlYWQiOjMwMDAwMDAwMDAwMCwidXBkYXRlIjoxODAwMDAwMDAwMDAwfX0=",
          "dependencies": [
            "azurerm_resource_group.chatapp_rg"
          ]
        }
      ]
    },
    {
      "mode": "managed",
      "type": "azurerm_resource_group",
      "name": "chatapp_rg",
      "provider": "provider[\"registry.terraform.io/hashicorp/azurerm\"]",
      "instances": [
        {
          "schema_version": 0,
          "attributes": {
            "id": "/subscriptions/f78b1160-ac53-46e6-b77c-be73847ecb68/resourceGroups/Terraform-chatapp",
            "location": "australiaeast",
            "managed_by": "",
            "name": "Terraform-chatapp",
            "tags": {},
            "timeouts": null
          },
          "sensitive_attributes": [],
          "private": "eyJlMmJmYjczMC1lY2FhLTExZTYtOGY4OC0zNDM2M2JjN2M0YzAiOnsiY3JlYXRlIjo1NDAwMDAwMDAwMDAwLCJkZWxldGUiOjU0MDAwMDAwMDAwMDAsInJlYWQiOjMwMDAwMDAwMDAwMCwidXBkYXRlIjo1NDAwMDAwMDAwMDAwfX0="
        }
      ]
    },
    {
      "mode": "managed",
      "type": "azurerm_subnet",
      "name": "application_gateway_subnet",
      "provider": "provider[\"registry.terraform.io/hashicorp/azurerm\"]",
      "instances": [
        {
          "schema_version": 0,
          "attributes": {
            "address_prefixes": [
              "10.0.4.0/24"
            ],
            "default_outbound_access_enabled": true,
            "delegation": [],
            "id": "/subscriptions/f78b1160-ac53-46e6-b77c-be73847ecb68/resourceGroups/Terraform-chatapp/providers/Microsoft.Network/virtualNetworks/chatapp-vnet/subnets/application-gateway-subnet",
            "name": "application-gateway-subnet",
            "private_endpoint_network_policies": "Disabled",
            "private_link_service_network_policies_enabled": true,
            "resource_group_name": "Terraform-chatapp",
            "service_endpoint_policy_ids": [],
            "service_endpoints": [],
            "timeouts": null,
            "virtual_network_name": "chatapp-vnet"
          },
          "sensitive_attributes": [],
          "private": "eyJlMmJmYjczMC1lY2FhLTExZTYtOGY4OC0zNDM2M2JjN2M0YzAiOnsiY3JlYXRlIjoxODAwMDAwMDAwMDAwLCJkZWxldGUiOjE4MDAwMDAwMDAwMDAsInJlYWQiOjMwMDAwMDAwMDAwMCwidXBkYXRlIjoxODAwMDAwMDAwMDAwfX0=",
          "dependencies": [
            "azurerm_resource_group.chatapp_rg",
            "azurerm_virtual_network.chatapp_vnet"
          ]
        }
      ]
    },
    {
      "mode": "managed",
      "type": "azurerm_subnet",
      "name": "backend_subnet",
      "provider": "provider[\"registry.terraform.io/hashicorp/azurerm\"]",
      "instances": [
        {
          "schema_version": 0,
          "attributes": {
            "address_prefixes": [
              "10.0.2.0/24"
            ],
            "default_outbound_access_enabled": true,
            "delegation": [],
            "id": "/subscriptions/f78b1160-ac53-46e6-b77c-be73847ecb68/resourceGroups/Terraform-chatapp/providers/Microsoft.Network/virtualNetworks/chatapp-vnet/subnets/backend-subnet",
            "name": "backend-subnet",
            "private_endpoint_network_policies": "Disabled",
            "private_link_service_network_policies_enabled": true,
            "resource_group_name": "Terraform-chatapp",
            "service_endpoint_policy_ids": [],
            "service_endpoints": [],
            "timeouts": null,
            "virtual_network_name": "chatapp-vnet"
          },
          "sensitive_attributes": [],
          "private": "eyJlMmJmYjczMC1lY2FhLTExZTYtOGY4OC0zNDM2M2JjN2M0YzAiOnsiY3JlYXRlIjoxODAwMDAwMDAwMDAwLCJkZWxldGUiOjE4MDAwMDAwMDAwMDAsInJlYWQiOjMwMDAwMDAwMDAwMCwidXBkYXRlIjoxODAwMDAwMDAwMDAwfX0=",
          "dependencies": [
            "azurerm_resource_group.chatapp_rg",
            "azurerm_virtual_network.chatapp_vnet"
          ]
        }
      ]
    },
    {
      "mode": "managed",
      "type": "azurerm_subnet",
      "name": "database_subnet",
      "provider": "provider[\"registry.terraform.io/hashicorp/azurerm\"]",
      "instances": [
        {
          "schema_version": 0,
          "attributes": {
            "address_prefixes": [
              "10.0.3.0/24"
            ],
            "default_outbound_access_enabled": true,
            "delegation": [],
            "id": "/subscriptions/f78b1160-ac53-46e6-b77c-be73847ecb68/resourceGroups/Terraform-chatapp/providers/Microsoft.Network/virtualNetworks/chatapp-vnet/subnets/database-subnet",
            "name": "database-subnet",
            "private_endpoint_network_policies": "Disabled",
            "private_link_service_network_policies_enabled": true,
            "resource_group_name": "Terraform-chatapp",
            "service_endpoint_policy_ids": [],
            "service_endpoints": [],
            "timeouts": null,
            "virtual_network_name": "chatapp-vnet"
          },
          "sensitive_attributes": [],
          "private": "eyJlMmJmYjczMC1lY2FhLTExZTYtOGY4OC0zNDM2M2JjN2M0YzAiOnsiY3JlYXRlIjoxODAwMDAwMDAwMDAwLCJkZWxldGUiOjE4MDAwMDAwMDAwMDAsInJlYWQiOjMwMDAwMDAwMDAwMCwidXBkYXRlIjoxODAwMDAwMDAwMDAwfX0=",
          "dependencies": [
            "azurerm_resource_group.chatapp_rg",
            "azurerm_virtual_network.chatapp_vnet"
          ]
        }
      ]
    },
    {
      "mode": "managed",
      "type": "azurerm_subnet",
      "name": "frontend_subnet",
      "provider": "provider[\"registry.terraform.io/hashicorp/azurerm\"]",
      "instances": [
        {
          "schema_version": 0,
          "attributes": {
            "address_prefixes": [
              "10.0.1.0/24"
            ],
            "default_outbound_access_enabled": true,
            "delegation": [],
            "id": "/subscriptions/f78b1160-ac53-46e6-b77c-be73847ecb68/resourceGroups/Terraform-chatapp/providers/Microsoft.Network/virtualNetworks/chatapp-vnet/subnets/frontend-subnet",
            "name": "frontend-subnet",
            "private_endpoint_network_policies": "Disabled",
            "private_link_service_network_policies_enabled": true,
            "resource_group_name": "Terraform-chatapp",
            "service_endpoint_policy_ids": [],
            "service_endpoints": [],
            "timeouts": null,
            "virtual_network_name": "chatapp-vnet"
          },
          "sensitive_attributes": [],
          "private": "eyJlMmJmYjczMC1lY2FhLTExZTYtOGY4OC0zNDM2M2JjN2M0YzAiOnsiY3JlYXRlIjoxODAwMDAwMDAwMDAwLCJkZWxldGUiOjE4MDAwMDAwMDAwMDAsInJlYWQiOjMwMDAwMDAwMDAwMCwidXBkYXRlIjoxODAwMDAwMDAwMDAwfX0=",
          "dependencies": [
            "azurerm_resource_group.chatapp_rg",
            "azurerm_virtual_network.chatapp_vnet"
          ]
        }
      ]
    },
    {
      "mode": "managed",
      "type": "azurerm_subnet_network_security_group_association",
      "name": "backend_subnet_nsg",
      "provider": "provider[\"registry.terraform.io/hashicorp/azurerm\"]",
      "instances": [
        {
          "schema_version": 0,
          "attributes": {
            "id": "/subscriptions/f78b1160-ac53-46e6-b77c-be73847ecb68/resourceGroups/Terraform-chatapp/providers/Microsoft.Network/virtualNetworks/chatapp-vnet/subnets/backend-subnet",
            "network_security_group_id": "/subscriptions/f78b1160-ac53-46e6-b77c-be73847ecb68/resourceGroups/Terraform-chatapp/providers/Microsoft.Network/networkSecurityGroups/backend-nsg",
            "subnet_id": "/subscriptions/f78b1160-ac53-46e6-b77c-be73847ecb68/resourceGroups/Terraform-chatapp/providers/Microsoft.Network/virtualNetworks/chatapp-vnet/subnets/backend-subnet",
            "timeouts": null
          },
          "sensitive_attributes": [],
          "private": "eyJlMmJmYjczMC1lY2FhLTExZTYtOGY4OC0zNDM2M2JjN2M0YzAiOnsiY3JlYXRlIjoxODAwMDAwMDAwMDAwLCJkZWxldGUiOjE4MDAwMDAwMDAwMDAsInJlYWQiOjMwMDAwMDAwMDAwMH19",
          "dependencies": [
            "azurerm_network_security_group.backend_nsg",
            "azurerm_resource_group.chatapp_rg",
            "azurerm_subnet.backend_subnet",
            "azurerm_virtual_network.chatapp_vnet"
          ]
        }
      ]
    },
    {
      "mode": "managed",
      "type": "azurerm_virtual_network",
      "name": "chatapp_vnet",
      "provider": "provider[\"registry.terraform.io/hashicorp/azurerm\"]",
      "instances": [
        {
          "schema_version": 0,
          "attributes": {
            "address_space": [
              "10.0.0.0/16"
            ],
            "bgp_community": "",
            "ddos_protection_plan": [],
            "dns_servers": [],
            "edge_zone": "",
            "encryption": [],
            "flow_timeout_in_minutes": 0,
            "guid": "c929b7d8-ebd8-40c8-b68a-b325985e806e",
            "id": "/subscriptions/f78b1160-ac53-46e6-b77c-be73847ecb68/resourceGroups/Terraform-chatapp/providers/Microsoft.Network/virtualNetworks/chatapp-vnet",
            "location": "australiaeast",
            "name": "chatapp-vnet",
            "resource_group_name": "Terraform-chatapp",
            "subnet": [
              {
                "address_prefixes": [
                  "10.0.1.0/24"
                ],
                "default_outbound_access_enabled": true,
                "delegation": [],
                "id": "/subscriptions/f78b1160-ac53-46e6-b77c-be73847ecb68/resourceGroups/Terraform-chatapp/providers/Microsoft.Network/virtualNetworks/chatapp-vnet/subnets/frontend-subnet",
                "name": "frontend-subnet",
                "private_endpoint_network_policies": "Disabled",
                "private_link_service_network_policies_enabled": true,
                "route_table_id": "",
                "security_group": "/subscriptions/f78b1160-ac53-46e6-b77c-be73847ecb68/resourceGroups/Terraform-chatapp/providers/Microsoft.Network/networkSecurityGroups/frontend-nsg",
                "service_endpoint_policy_ids": [],
                "service_endpoints": []
              },
              {
                "address_prefixes": [
                  "10.0.2.0/24"
                ],
                "default_outbound_access_enabled": true,
                "delegation": [],
                "id": "/subscriptions/f78b1160-ac53-46e6-b77c-be73847ecb68/resourceGroups/Terraform-chatapp/providers/Microsoft.Network/virtualNetworks/chatapp-vnet/subnets/backend-subnet",
                "name": "backend-subnet",
                "private_endpoint_network_policies": "Disabled",
                "private_link_service_network_policies_enabled": true,
                "route_table_id": "",
                "security_group": "/subscriptions/f78b1160-ac53-46e6-b77c-be73847ecb68/resourceGroups/Terraform-chatapp/providers/Microsoft.Network/networkSecurityGroups/backend-nsg",
                "service_endpoint_policy_ids": [],
                "service_endpoints": []
              },
              {
                "address_prefixes": [
                  "10.0.3.0/24"
                ],
                "default_outbound_access_enabled": true,
                "delegation": [],
                "id": "/subscriptions/f78b1160-ac53-46e6-b77c-be73847ecb68/resourceGroups/Terraform-chatapp/providers/Microsoft.Network/virtualNetworks/chatapp-vnet/subnets/database-subnet",
                "name": "database-subnet",
                "private_endpoint_network_policies": "Disabled",
                "private_link_service_network_policies_enabled": true,
                "route_table_id": "",
                "security_group": "",
                "service_endpoint_policy_ids": [],
                "service_endpoints": []
              },
              {
                "address_prefixes": [
                  "10.0.4.0/24"
                ],
                "default_outbound_access_enabled": true,
                "delegation": [],
                "id": "/subscriptions/f78b1160-ac53-46e6-b77c-be73847ecb68/resourceGroups/Terraform-chatapp/providers/Microsoft.Network/virtualNetworks/chatapp-vnet/subnets/application-gateway-subnet",
                "name": "application-gateway-subnet",
                "private_endpoint_network_policies": "Disabled",
                "private_link_service_network_policies_enabled": true,
                "route_table_id": "",
                "security_group": "",
                "service_endpoint_policy_ids": [],
                "service_endpoints": []
              },
              {
                "address_prefixes": [
                  "10.0.5.0/26"
                ],
                "default_outbound_access_enabled": false,
                "delegation": [],
                "id": "/subscriptions/f78b1160-ac53-46e6-b77c-be73847ecb68/resourceGroups/Terraform-chatapp/providers/Microsoft.Network/virtualNetworks/chatapp-vnet/subnets/AzureBastionSubnet",
                "name": "AzureBastionSubnet",
                "private_endpoint_network_policies": "Disabled",
                "private_link_service_network_policies_enabled": true,
                "route_table_id": "",
                "security_group": "",
                "service_endpoint_policy_ids": [],
                "service_endpoints": []
              }
            ],
            "tags": {},
            "timeouts": null
          },
          "sensitive_attributes": [],
          "private": "eyJlMmJmYjczMC1lY2FhLTExZTYtOGY4OC0zNDM2M2JjN2M0YzAiOnsiY3JlYXRlIjoxODAwMDAwMDAwMDAwLCJkZWxldGUiOjE4MDAwMDAwMDAwMDAsInJlYWQiOjMwMDAwMDAwMDAwMCwidXBkYXRlIjoxODAwMDAwMDAwMDAwfX0=",
          "dependencies": [
            "azurerm_resource_group.chatapp_rg"
          ]
        }
      ]
    }
  ],
  "check_results": null
}
